
Microsoft Visual Studio Solution File, Format Version 12.00
# Visual Studio 15
Project("{FAE04EC0-301F-11D3-BF4B-00C04F79EFBC}") = "Assembly-CSharp-firstpass", "Assembly-CSharp-firstpass.csproj", "{2B5DD799-2EF6-4B1D-9B39-AE1CB1D60033}"
EndProject
Project("{FAE04EC0-301F-11D3-BF4B-00C04F79EFBC}") = "Assembly-CSharp", "Assembly-CSharp.csproj", "{FFEDB6D7-3E8B-5826-3AC5-6B1F580A566C}"
EndProject
Project("{FAE04EC0-301F-11D3-BF4B-00C04F79EFBC}") = "Assembly-CSharp-Editor-firstpass", "Assembly-CSharp-Editor-firstpass.csproj", "{F2E43B70-26CE-0B99-8E99-4D28CB59E435}"
EndProject
Global
	GlobalSection(SolutionConfigurationPlatforms) = preSolution
		Debug|Any CPU = Debug|Any CPU
		Release|Any CPU = Release|Any CPU
	EndGlobalSection
	GlobalSection(ProjectConfigurationPlatforms) = postSolution
		{2B5DD799-2EF6-4B1D-9B39-AE1CB1D60033}.Debug|Any CPU.ActiveCfg = Debug|Any CPU
		{2B5DD799-2EF6-4B1D-9B39-AE1CB1D60033}.Debug|Any CPU.Build.0 = Debug|Any CPU
		{2B5DD799-2EF6-4B1D-9B39-AE1CB1D60033}.Release|Any CPU.ActiveCfg = Release|Any CPU
		{2B5DD799-2EF6-4B1D-9B39-AE1CB1D60033}.Release|Any CPU.Build.0 = Release|Any CPU
		{FFEDB6D7-3E8B-5826-3AC5-6B1F580A566C}.Debug|Any CPU.ActiveCfg = Debug|Any CPU
		{FFEDB6D7-3E8B-5826-3AC5-6B1F580A566C}.Debug|Any CPU.Build.0 = Debug|Any CPU
		{FFEDB6D7-3E8B-5826-3AC5-6B1F580A566C}.Release|Any CPU.ActiveCfg = Release|Any CPU
		{FFEDB6D7-3E8B-5826-3AC5-6B1F580A566C}.Release|Any CPU.Build.0 = Release|Any CPU
		{F2E43B70-26CE-0B99-8E99-4D28CB59E435}.Debug|Any CPU.ActiveCfg = Debug|Any CPU
		{F2E43B70-26CE-0B99-8E99-4D28CB59E435}.Debug|Any CPU.Build.0 = Debug|Any CPU
		{F2E43B70-26CE-0B99-8E99-4D28CB59E435}.Release|Any CPU.ActiveCfg = Release|Any CPU
		{F2E43B70-26CE-0B99-8E99-4D28CB59E435}.Release|Any CPU.Build.0 = Release|Any CPU
	EndGlobalSection
	GlobalSection(SolutionProperties) = preSolution
		HideSolutionNode = FALSE
	EndGlobalSection
EndGlobal
